
Microsoft Visual Studio Solution File, Format Version 12.00
# Visual Studio Version 16
VisualStudioVersion = 16.0.31229.75
MinimumVisualStudioVersion = 10.0.40219.1
Project("{FAE04EC0-301F-11D3-BF4B-00C04F79EFBC}") = "Shape", "Shape\Shape.csproj", "{66B56431-B900-4C9E-AE54-FD3E9CFC3568}"
EndProject
Global
	GlobalSection(SolutionConfigurationPlatforms) = preSolution
		Debug|Any CPU = Debug|Any CPU
		Release|Any CPU = Release|Any CPU
	EndGlobalSection
	GlobalSection(ProjectConfigurationPlatforms) = postSolution
		{66B56431-B900-4C9E-AE54-FD3E9CFC3568}.Debug|Any CPU.ActiveCfg = Debug|Any CPU
		{66B56431-B900-4C9E-AE54-FD3E9CFC3568}.Debug|Any CPU.Build.0 = Debug|Any CPU
		{66B56431-B900-4C9E-AE54-FD3E9CFC3568}.Release|Any CPU.ActiveCfg = Release|Any CPU
		{66B56431-B900-4C9E-AE54-FD3E9CFC3568}.Release|Any CPU.Build.0 = Release|Any CPU
	EndGlobalSection
	GlobalSection(SolutionProperties) = preSolution
		HideSolutionNode = FALSE
	EndGlobalSection
	GlobalSection(ExtensibilityGlobals) = postSolution
		SolutionGuid = {46580028-4082-4786-8F2D-EE6787069718}
	EndGlobalSection
EndGlobal
